
Microsoft Visual Studio Solution File, Format Version 12.00
# Visual Studio Version 17
VisualStudioVersion = 17.13.35806.99 d17.13
MinimumVisualStudioVersion = 10.0.40219.1
Project("{FAE04EC0-301F-11D3-BF4B-00C04F79EFBC}") = "Shaitanet_Safiullin", "Shaitanet_Safiullin\Shaitanet_Safiullin.csproj", "{4DA97E63-E792-48B8-A6D0-252209EF6C8A}"
EndProject
Global
	GlobalSection(SolutionConfigurationPlatforms) = preSolution
		Debug|Any CPU = Debug|Any CPU
		Release|Any CPU = Release|Any CPU
	EndGlobalSection
	GlobalSection(ProjectConfigurationPlatforms) = postSolution
		{4DA97E63-E792-48B8-A6D0-252209EF6C8A}.Debug|Any CPU.ActiveCfg = Debug|Any CPU
		{4DA97E63-E792-48B8-A6D0-252209EF6C8A}.Debug|Any CPU.Build.0 = Debug|Any CPU
		{4DA97E63-E792-48B8-A6D0-252209EF6C8A}.Release|Any CPU.ActiveCfg = Release|Any CPU
		{4DA97E63-E792-48B8-A6D0-252209EF6C8A}.Release|Any CPU.Build.0 = Release|Any CPU
	EndGlobalSection
	GlobalSection(SolutionProperties) = preSolution
		HideSolutionNode = FALSE
	EndGlobalSection
	GlobalSection(ExtensibilityGlobals) = postSolution
		SolutionGuid = {0D5DD15C-2F42-49F4-913D-CDC6FB2E705B}
	EndGlobalSection
EndGlobal
